// !$*UTF8*$!
{
	archiveVersion = 1;
	classes = {
	};
	objectVersion = 50;
	objects = {

/* Begin PBXBuildFile section */
		820A45F325ABC510004930C4 /* K.swift in Sources */ = {isa = PBXBuildFile; fileRef = 820A45F225ABC510004930C4 /* K.swift */; };
		820CEFC425AB88630068BDF8 /* AppDelegate.swift in Sources */ = {isa = PBXBuildFile; fileRef = 820CEFC325AB88630068BDF8 /* AppDelegate.swift */; };
		820CEFC625AB88630068BDF8 /* SceneDelegate.swift in Sources */ = {isa = PBXBuildFile; fileRef = 820CEFC525AB88630068BDF8 /* SceneDelegate.swift */; };
		820CEFC825AB88630068BDF8 /* MenuViewController.swift in Sources */ = {isa = PBXBuildFile; fileRef = 820CEFC725AB88630068BDF8 /* MenuViewController.swift */; };
		820CEFCB25AB88630068BDF8 /* Main.storyboard in Resources */ = {isa = PBXBuildFile; fileRef = 820CEFC925AB88630068BDF8 /* Main.storyboard */; };
		820CEFCD25AB88640068BDF8 /* Assets.xcassets in Resources */ = {isa = PBXBuildFile; fileRef = 820CEFCC25AB88640068BDF8 /* Assets.xcassets */; };
		820CEFD025AB88640068BDF8 /* LaunchScreen.storyboard in Resources */ = {isa = PBXBuildFile; fileRef = 820CEFCE25AB88640068BDF8 /* LaunchScreen.storyboard */; };
		820CEFDA25AB8CDD0068BDF8 /* FirstVC.swift in Sources */ = {isa = PBXBuildFile; fileRef = 820CEFD925AB8CDD0068BDF8 /* FirstVC.swift */; };
		820CEFE025AB8D8F0068BDF8 /* SecondVC.swift in Sources */ = {isa = PBXBuildFile; fileRef = 820CEFDF25AB8D8F0068BDF8 /* SecondVC.swift */; };
		8253113925C09C10002B2177 /* PhotoFile.swift in Sources */ = {isa = PBXBuildFile; fileRef = 8253113825C09C10002B2177 /* PhotoFile.swift */; };
/* End PBXBuildFile section */

/* Begin PBXFileReference section */
		820A45F225ABC510004930C4 /* K.swift */ = {isa = PBXFileReference; lastKnownFileType = sourcecode.swift; path = K.swift; sourceTree = "<group>"; };
		820CEFC025AB88630068BDF8 /* edgar_anim_1.app */ = {isa = PBXFileReference; explicitFileType = wrapper.application; includeInIndex = 0; path = edgar_anim_1.app; sourceTree = BUILT_PRODUCTS_DIR; };
		820CEFC325AB88630068BDF8 /* AppDelegate.swift */ = {isa = PBXFileReference; lastKnownFileType = sourcecode.swift; path = AppDelegate.swift; sourceTree = "<group>"; };
		820CEFC525AB88630068BDF8 /* SceneDelegate.swift */ = {isa = PBXFileReference; lastKnownFileType = sourcecode.swift; path = SceneDelegate.swift; sourceTree = "<group>"; };
		820CEFC725AB88630068BDF8 /* MenuViewController.swift */ = {isa = PBXFileReference; lastKnownFileType = sourcecode.swift; path = MenuViewController.swift; sourceTree = "<group>"; };
		820CEFCA25AB88630068BDF8 /* Base */ = {isa = PBXFileReference; lastKnownFileType = file.storyboard; name = Base; path = Base.lproj/Main.storyboard; sourceTree = "<group>"; };
		820CEFCC25AB88640068BDF8 /* Assets.xcassets */ = {isa = PBXFileReference; lastKnownFileType = folder.assetcatalog; path = Assets.xcassets; sourceTree = "<group>"; };
		820CEFCF25AB88640068BDF8 /* Base */ = {isa = PBXFileReference; lastKnownFileType = file.storyboard; name = Base; path = Base.lproj/LaunchScreen.storyboard; sourceTree = "<group>"; };
		820CEFD125AB88640068BDF8 /* Info.plist */ = {isa = PBXFileReference; lastKnownFileType = text.plist.xml; path = Info.plist; sourceTree = "<group>"; };
		820CEFD925AB8CDD0068BDF8 /* FirstVC.swift */ = {isa = PBXFileReference; lastKnownFileType = sourcecode.swift; path = FirstVC.swift; sourceTree = "<group>"; };
		820CEFDF25AB8D8F0068BDF8 /* SecondVC.swift */ = {isa = PBXFileReference; lastKnownFileType = sourcecode.swift; path = SecondVC.swift; sourceTree = "<group>"; };
		8253113825C09C10002B2177 /* PhotoFile.swift */ = {isa = PBXFileReference; lastKnownFileType = sourcecode.swift; path = PhotoFile.swift; sourceTree = "<group>"; };
/* End PBXFileReference section */

/* Begin PBXFrameworksBuildPhase section */
		820CEFBD25AB88630068BDF8 /* Frameworks */ = {
			isa = PBXFrameworksBuildPhase;
			buildActionMask = 2147483647;
			files = (
			);
			runOnlyForDeploymentPostprocessing = 0;
		};
/* End PBXFrameworksBuildPhase section */

/* Begin PBXGroup section */
		820CEFB725AB88630068BDF8 = {
			isa = PBXGroup;
			children = (
				820CEFC225AB88630068BDF8 /* edgar_anim_1 */,
				820CEFC125AB88630068BDF8 /* Products */,
			);
			sourceTree = "<group>";
		};
		820CEFC125AB88630068BDF8 /* Products */ = {
			isa = PBXGroup;
			children = (
				820CEFC025AB88630068BDF8 /* edgar_anim_1.app */,
			);
			name = Products;
			sourceTree = "<group>";
		};
		820CEFC225AB88630068BDF8 /* edgar_anim_1 */ = {
			isa = PBXGroup;
			children = (
				820CEFC325AB88630068BDF8 /* AppDelegate.swift */,
				820CEFC525AB88630068BDF8 /* SceneDelegate.swift */,
				820CEFE625AB9C0A0068BDF8 /* MODEL */,
				820CEFDE25AB8D620068BDF8 /* VC */,
				820CEFC925AB88630068BDF8 /* Main.storyboard */,
				820CEFCC25AB88640068BDF8 /* Assets.xcassets */,
				820CEFCE25AB88640068BDF8 /* LaunchScreen.storyboard */,
				820CEFD125AB88640068BDF8 /* Info.plist */,
			);
			path = edgar_anim_1;
			sourceTree = "<group>";
		};
		820CEFDE25AB8D620068BDF8 /* VC */ = {
			isa = PBXGroup;
			children = (
				820CEFC725AB88630068BDF8 /* MenuViewController.swift */,
				820CEFD925AB8CDD0068BDF8 /* FirstVC.swift */,
				820CEFDF25AB8D8F0068BDF8 /* SecondVC.swift */,
			);
			path = VC;
			sourceTree = "<group>";
		};
		820CEFE625AB9C0A0068BDF8 /* MODEL */ = {
			isa = PBXGroup;
			children = (
				820A45F225ABC510004930C4 /* K.swift */,
				8253113825C09C10002B2177 /* PhotoFile.swift */,
			);
			path = MODEL;
			sourceTree = "<group>";
		};
/* End PBXGroup section */

/* Begin PBXNativeTarget section */
		820CEFBF25AB88630068BDF8 /* edgar_anim_1 */ = {
			isa = PBXNativeTarget;
			buildConfigurationList = 820CEFD425AB88640068BDF8 /* Build configuration list for PBXNativeTarget "edgar_anim_1" */;
			buildPhases = (
				820CEFBC25AB88630068BDF8 /* Sources */,
				820CEFBD25AB88630068BDF8 /* Frameworks */,
				820CEFBE25AB88630068BDF8 /* Resources */,
			);
			buildRules = (
			);
			dependencies = (
			);
			name = edgar_anim_1;
			productName = edgar_anim_1;
			productReference = 820CEFC025AB88630068BDF8 /* edgar_anim_1.app */;
			productType = "com.apple.product-type.application";
		};
/* End PBXNativeTarget section */

/* Begin PBXProject section */
		820CEFB825AB88630068BDF8 /* Project object */ = {
			isa = PBXProject;
			attributes = {
				LastSwiftUpdateCheck = 1230;
				LastUpgradeCheck = 1230;
				TargetAttributes = {
					820CEFBF25AB88630068BDF8 = {
						CreatedOnToolsVersion = 12.3;
					};
				};
			};
			buildConfigurationList = 820CEFBB25AB88630068BDF8 /* Build configuration list for PBXProject "edgar_anim_1" */;
			compatibilityVersion = "Xcode 9.3";
			developmentRegion = en;
			hasScannedForEncodings = 0;
			knownRegions = (
				en,
				Base,
			);
			mainGroup = 820CEFB725AB88630068BDF8;
			productRefGroup = 820CEFC125AB88630068BDF8 /* Products */;
			projectDirPath = "";
			projectRoot = "";
			targets = (
				820CEFBF25AB88630068BDF8 /* edgar_anim_1 */,
			);
		};
/* End PBXProject section */

/* Begin PBXResourcesBuildPhase section */
		820CEFBE25AB88630068BDF8 /* Resources */ = {
			isa = PBXResourcesBuildPhase;
			buildActionMask = 2147483647;
			files = (
				820CEFD025AB88640068BDF8 /* LaunchScreen.storyboard in Resources */,
				820CEFCD25AB88640068BDF8 /* Assets.xcassets in Resources */,
				820CEFCB25AB88630068BDF8 /* Main.storyboard in Resources */,
			);
			runOnlyForDeploymentPostprocessing = 0;
		};
/* End PBXResourcesBuildPhase section */

/* Begin PBXSourcesBuildPhase section */
		820CEFBC25AB88630068BDF8 /* Sources */ = {
			isa = PBXSourcesBuildPhase;
			buildActionMask = 2147483647;
			files = (
				8253113925C09C10002B2177 /* PhotoFile.swift in Sources */,
				820CEFC825AB88630068BDF8 /* MenuViewController.swift in Sources */,
				820CEFE025AB8D8F0068BDF8 /* SecondVC.swift in Sources */,
				820CEFDA25AB8CDD0068BDF8 /* FirstVC.swift in Sources */,
				820A45F325ABC510004930C4 /* K.swift in Sources */,
				820CEFC425AB88630068BDF8 /* AppDelegate.swift in Sources */,
				820CEFC625AB88630068BDF8 /* SceneDelegate.swift in Sources */,
			);
			runOnlyForDeploymentPostprocessing = 0;
		};
/* End PBXSourcesBuildPhase section */

/* Begin PBXVariantGroup section */
		820CEFC925AB88630068BDF8 /* Main.storyboard */ = {
			isa = PBXVariantGroup;
			children = (
				820CEFCA25AB88630068BDF8 /* Base */,
			);
			name = Main.storyboard;
			sourceTree = "<group>";
		};
		820CEFCE25AB88640068BDF8 /* LaunchScreen.storyboard */ = {
			isa = PBXVariantGroup;
			children = (
				820CEFCF25AB88640068BDF8 /* Base */,
			);
			name = LaunchScreen.storyboard;
			sourceTree = "<group>";
		};
/* End PBXVariantGroup section */

/* Begin XCBuildConfiguration section */
		820CEFD225AB88640068BDF8 /* Debug */ = {
			isa = XCBuildConfiguration;
			buildSettings = {
				ALWAYS_SEARCH_USER_PATHS = NO;
				CLANG_ANALYZER_NONNULL = YES;
				CLANG_ANALYZER_NUMBER_OBJECT_CONVERSION = YES_AGGRESSIVE;
				CLANG_CXX_LANGUAGE_STANDARD = "gnu++14";
				CLANG_CXX_LIBRARY = "libc++";
				CLANG_ENABLE_MODULES = YES;
				CLANG_ENABLE_OBJC_ARC = YES;
				CLANG_ENABLE_OBJC_WEAK = YES;
				CLANG_WARN_BLOCK_CAPTURE_AUTORELEASING = YES;
				CLANG_WARN_BOOL_CONVERSION = YES;
				CLANG_WARN_COMMA = YES;
				CLANG_WARN_CONSTANT_CONVERSION = YES;
				CLANG_WARN_DEPRECATED_OBJC_IMPLEMENTATIONS = YES;
				CLANG_WARN_DIRECT_OBJC_ISA_USAGE = YES_ERROR;
				CLANG_WARN_DOCUMENTATION_COMMENTS = YES;
				CLANG_WARN_EMPTY_BODY = YES;
				CLANG_WARN_ENUM_CONVERSION = YES;
				CLANG_WARN_INFINITE_RECURSION = YES;
				CLANG_WARN_INT_CONVERSION = YES;
				CLANG_WARN_NON_LITERAL_NULL_CONVERSION = YES;
				CLANG_WARN_OBJC_IMPLICIT_RETAIN_SELF = YES;
				CLANG_WARN_OBJC_LITERAL_CONVERSION = YES;
				CLANG_WARN_OBJC_ROOT_CLASS = YES_ERROR;
				CLANG_WARN_QUOTED_INCLUDE_IN_FRAMEWORK_HEADER = YES;
				CLANG_WARN_RANGE_LOOP_ANALYSIS = YES;
				CLANG_WARN_STRICT_PROTOTYPES = YES;
				CLANG_WARN_SUSPICIOUS_MOVE = YES;
				CLANG_WARN_UNGUARDED_AVAILABILITY = YES_AGGRESSIVE;
				CLANG_WARN_UNREACHABLE_CODE = YES;
				CLANG_WARN__DUPLICATE_METHOD_MATCH = YES;
				COPY_PHASE_STRIP = NO;
				DEBUG_INFORMATION_FORMAT = dwarf;
				ENABLE_STRICT_OBJC_MSGSEND = YES;
				ENABLE_TESTABILITY = YES;
				GCC_C_LANGUAGE_STANDARD = gnu11;
				GCC_DYNAMIC_NO_PIC = NO;
				GCC_NO_COMMON_BLOCKS = YES;
				GCC_OPTIMIZATION_LEVEL = 0;
				GCC_PREPROCESSOR_DEFINITIONS = (
					"DEBUG=1",
					"$(inherited)",
				);
				GCC_WARN_64_TO_32_BIT_CONVERSION = YES;
				GCC_WARN_ABOUT_RETURN_TYPE = YES_ERROR;
				GCC_WARN_UNDECLARED_SELECTOR = YES;
				GCC_WARN_UNINITIALIZED_AUTOS = YES_AGGRESSIVE;
				GCC_WARN_UNUSED_FUNCTION = YES;
				GCC_WARN_UNUSED_VARIABLE = YES;
				IPHONEOS_DEPLOYMENT_TARGET = 14.1;
				MTL_ENABLE_DEBUG_INFO = INCLUDE_SOURCE;
				MTL_FAST_MATH = YES;
				ONLY_ACTIVE_ARCH = YES;
				SDKROOT = iphoneos;
				SWIFT_ACTIVE_COMPILATION_CONDITIONS = DEBUG;
				SWIFT_OPTIMIZATION_LEVEL = "-Onone";
			};
			name = Debug;
		};
		820CEFD325AB88640068BDF8 /* Release */ = {
			isa = XCBuildConfiguration;
			buildSettings = {
				ALWAYS_SEARCH_USER_PATHS = NO;
				CLANG_ANALYZER_NONNULL = YES;
				CLANG_ANALYZER_NUMBER_OBJECT_CONVERSION = YES_AGGRESSIVE;
				CLANG_CXX_LANGUAGE_STANDARD = "gnu++14";
				CLANG_CXX_LIBRARY = "libc++";
				CLANG_ENABLE_MODULES = YES;
				CLANG_ENABLE_OBJC_ARC = YES;
				CLANG_ENABLE_OBJC_WEAK = YES;
				CLANG_WARN_BLOCK_CAPTURE_AUTORELEASING = YES;
				CLANG_WARN_BOOL_CONVERSION = YES;
				CLANG_WARN_COMMA = YES;
				CLANG_WARN_CONSTANT_CONVERSION = YES;
				CLANG_WARN_DEPRECATED_OBJC_IMPLEMENTATIONS = YES;
				CLANG_WARN_DIRECT_OBJC_ISA_USAGE = YES_ERROR;
				CLANG_WARN_DOCUMENTATION_COMMENTS = YES;
				CLANG_WARN_EMPTY_BODY = YES;
				CLANG_WARN_ENUM_CONVERSION = YES;
				CLANG_WARN_INFINITE_RECURSION = YES;
				CLANG_WARN_INT_CONVERSION = YES;
				CLANG_WARN_NON_LITERAL_NULL_CONVERSION = YES;
				CLANG_WARN_OBJC_IMPLICIT_RETAIN_SELF = YES;
				CLANG_WARN_OBJC_LITERAL_CONVERSION = YES;
				CLANG_WARN_OBJC_ROOT_CLASS = YES_ERROR;
				CLANG_WARN_QUOTED_INCLUDE_IN_FRAMEWORK_HEADER = YES;
				CLANG_WARN_RANGE_LOOP_ANALYSIS = YES;
				CLANG_WARN_STRICT_PROTOTYPES = YES;
				CLANG_WARN_SUSPICIOUS_MOVE = YES;
				CLANG_WARN_UNGUARDED_AVAILABILITY = YES_AGGRESSIVE;
				CLANG_WARN_UNREACHABLE_CODE = YES;
				CLANG_WARN__DUPLICATE_METHOD_MATCH = YES;
				COPY_PHASE_STRIP = NO;
				DEBUG_INFORMATION_FORMAT = "dwarf-with-dsym";
				ENABLE_NS_ASSERTIONS = NO;
				ENABLE_STRICT_OBJC_MSGSEND = YES;
				GCC_C_LANGUAGE_STANDARD = gnu11;
				GCC_NO_COMMON_BLOCKS = YES;
				GCC_WARN_64_TO_32_BIT_CONVERSION = YES;
				GCC_WARN_ABOUT_RETURN_TYPE = YES_ERROR;
				GCC_WARN_UNDECLARED_SELECTOR = YES;
				GCC_WARN_UNINITIALIZED_AUTOS = YES_AGGRESSIVE;
				GCC_WARN_UNUSED_FUNCTION = YES;
				GCC_WARN_UNUSED_VARIABLE = YES;
				IPHONEOS_DEPLOYMENT_TARGET = 14.1;
				MTL_ENABLE_DEBUG_INFO = NO;
				MTL_FAST_MATH = YES;
				SDKROOT = iphoneos;
				SWIFT_COMPILATION_MODE = wholemodule;
				SWIFT_OPTIMIZATION_LEVEL = "-O";
				VALIDATE_PRODUCT = YES;
			};
			name = Release;
		};
		820CEFD525AB88640068BDF8 /* Debug */ = {
			isa = XCBuildConfiguration;
			buildSettings = {
				ASSETCATALOG_COMPILER_APPICON_NAME = AppIcon;
				ASSETCATALOG_COMPILER_GLOBAL_ACCENT_COLOR_NAME = AccentColor;
				CODE_SIGN_STYLE = Automatic;
				DEVELOPMENT_TEAM = 2LRYS9F4R2;
				INFOPLIST_FILE = edgar_anim_1/Info.plist;
				IPHONEOS_DEPLOYMENT_TARGET = 14.1;
				LD_RUNPATH_SEARCH_PATHS = (
					"$(inherited)",
					"@executable_path/Frameworks",
				);
				PRODUCT_BUNDLE_IDENTIFIER = "com.ludogarden.edgar-anim-1";
				PRODUCT_NAME = "$(TARGET_NAME)";
				SWIFT_VERSION = 5.0;
				TARGETED_DEVICE_FAMILY = 1;
			};
			name = Debug;
		};
		820CEFD625AB88640068BDF8 /* Release */ = {
			isa = XCBuildConfiguration;
			buildSettings = {
				ASSETCATALOG_COMPILER_APPICON_NAME = AppIcon;
				ASSETCATALOG_COMPILER_GLOBAL_ACCENT_COLOR_NAME = AccentColor;
				CODE_SIGN_STYLE = Automatic;
				DEVELOPMENT_TEAM = 2LRYS9F4R2;
				INFOPLIST_FILE = edgar_anim_1/Info.plist;
				IPHONEOS_DEPLOYMENT_TARGET = 14.1;
				LD_RUNPATH_SEARCH_PATHS = (
					"$(inherited)",
					"@executable_path/Frameworks",
				);
				PRODUCT_BUNDLE_IDENTIFIER = "com.ludogarden.edgar-anim-1";
				PRODUCT_NAME = "$(TARGET_NAME)";
				SWIFT_VERSION = 5.0;
				TARGETED_DEVICE_FAMILY = 1;
			};
			name = Release;
		};
/* End XCBuildConfiguration section */

/* Begin XCConfigurationList section */
		820CEFBB25AB88630068BDF8 /* Build configuration list for PBXProject "edgar_anim_1" */ = {
			isa = XCConfigurationList;
			buildConfigurations = (
				820CEFD225AB88640068BDF8 /* Debug */,
				820CEFD325AB88640068BDF8 /* Release */,
			);
			defaultConfigurationIsVisible = 0;
			defaultConfigurationName = Release;
		};
		820CEFD425AB88640068BDF8 /* Build configuration list for PBXNativeTarget "edgar_anim_1" */ = {
			isa = XCConfigurationList;
			buildConfigurations = (
				820CEFD525AB88640068BDF8 /* Debug */,
				820CEFD625AB88640068BDF8 /* Release */,
			);
			defaultConfigurationIsVisible = 0;
			defaultConfigurationName = Release;
		};
/* End XCConfigurationList section */
	};
	rootObject = 820CEFB825AB88630068BDF8 /* Project object */;
}
